
Microsoft Visual Studio Solution File, Format Version 11.00
# Visual Studio 2010
Project("{8BC9CEB8-8B4A-11D0-8D11-00A0C91BC942}") = "mcml_kernel", "mcml_kernel\mcml_kernel.vcxproj", "{898CA28C-36EC-4D12-ACCB-C719D8AD7A6F}"
EndProject
Project("{8BC9CEB8-8B4A-11D0-8D11-00A0C91BC942}") = "mcml_kernel_tests", "mcml_kernel_tests\mcml_kernel_tests.vcxproj", "{2AB041F2-8E84-4BC9-8990-429E99DC89BC}"
	ProjectSection(ProjectDependencies) = postProject
		{898CA28C-36EC-4D12-ACCB-C719D8AD7A6F} = {898CA28C-36EC-4D12-ACCB-C719D8AD7A6F}
	EndProjectSection
EndProject
Project("{8BC9CEB8-8B4A-11D0-8D11-00A0C91BC942}") = "mcml_console", "mcml_console\mcml_console.vcxproj", "{57EEE3AE-B47D-4496-9B5F-AFA38193E1E5}"
	ProjectSection(ProjectDependencies) = postProject
		{898CA28C-36EC-4D12-ACCB-C719D8AD7A6F} = {898CA28C-36EC-4D12-ACCB-C719D8AD7A6F}
	EndProjectSection
EndProject
Global
	GlobalSection(SolutionConfigurationPlatforms) = preSolution
		Debug|Win32 = Debug|Win32
		Debug|x64 = Debug|x64
		Release|Win32 = Release|Win32
		Release|x64 = Release|x64
	EndGlobalSection
	GlobalSection(ProjectConfigurationPlatforms) = postSolution
		{898CA28C-36EC-4D12-ACCB-C719D8AD7A6F}.Debug|Win32.ActiveCfg = Debug|Win32
		{898CA28C-36EC-4D12-ACCB-C719D8AD7A6F}.Debug|Win32.Build.0 = Debug|Win32
		{898CA28C-36EC-4D12-ACCB-C719D8AD7A6F}.Debug|x64.ActiveCfg = Debug|x64
		{898CA28C-36EC-4D12-ACCB-C719D8AD7A6F}.Debug|x64.Build.0 = Debug|x64
		{898CA28C-36EC-4D12-ACCB-C719D8AD7A6F}.Release|Win32.ActiveCfg = Release|Win32
		{898CA28C-36EC-4D12-ACCB-C719D8AD7A6F}.Release|Win32.Build.0 = Release|Win32
		{898CA28C-36EC-4D12-ACCB-C719D8AD7A6F}.Release|x64.ActiveCfg = Release|x64
		{898CA28C-36EC-4D12-ACCB-C719D8AD7A6F}.Release|x64.Build.0 = Release|x64
		{2AB041F2-8E84-4BC9-8990-429E99DC89BC}.Debug|Win32.ActiveCfg = Debug|Win32
		{2AB041F2-8E84-4BC9-8990-429E99DC89BC}.Debug|Win32.Build.0 = Debug|Win32
		{2AB041F2-8E84-4BC9-8990-429E99DC89BC}.Debug|x64.ActiveCfg = Debug|x64
		{2AB041F2-8E84-4BC9-8990-429E99DC89BC}.Debug|x64.Build.0 = Debug|x64
		{2AB041F2-8E84-4BC9-8990-429E99DC89BC}.Release|Win32.ActiveCfg = Release|Win32
		{2AB041F2-8E84-4BC9-8990-429E99DC89BC}.Release|Win32.Build.0 = Release|Win32
		{2AB041F2-8E84-4BC9-8990-429E99DC89BC}.Release|x64.ActiveCfg = Release|x64
		{2AB041F2-8E84-4BC9-8990-429E99DC89BC}.Release|x64.Build.0 = Release|x64
		{57EEE3AE-B47D-4496-9B5F-AFA38193E1E5}.Debug|Win32.ActiveCfg = Debug|Win32
		{57EEE3AE-B47D-4496-9B5F-AFA38193E1E5}.Debug|Win32.Build.0 = Debug|Win32
		{57EEE3AE-B47D-4496-9B5F-AFA38193E1E5}.Debug|x64.ActiveCfg = Debug|x64
		{57EEE3AE-B47D-4496-9B5F-AFA38193E1E5}.Debug|x64.Build.0 = Debug|x64
		{57EEE3AE-B47D-4496-9B5F-AFA38193E1E5}.Release|Win32.ActiveCfg = Release|Win32
		{57EEE3AE-B47D-4496-9B5F-AFA38193E1E5}.Release|Win32.Build.0 = Release|Win32
		{57EEE3AE-B47D-4496-9B5F-AFA38193E1E5}.Release|x64.ActiveCfg = Release|x64
		{57EEE3AE-B47D-4496-9B5F-AFA38193E1E5}.Release|x64.Build.0 = Release|x64
	EndGlobalSection
	GlobalSection(SolutionProperties) = preSolution
		HideSolutionNode = FALSE
	EndGlobalSection
EndGlobal
