
Microsoft Visual Studio Solution File, Format Version 10.00
# Visual Studio 2008
Project("{8BC9CEB8-8B4A-11D0-8D11-00A0C91BC942}") = "GeteroMcml", "GeteroMcml\GeteroMcml.vcproj", "{E55994C7-3657-402D-AF27-E8E57F159279}"
EndProject
Project("{8BC9CEB8-8B4A-11D0-8D11-00A0C91BC942}") = "McmlGpu", "McmlGpu\McmlGpu.vcproj", "{85F072E3-A23E-493D-9AD9-E358F5BE22BC}"
EndProject
Project("{8BC9CEB8-8B4A-11D0-8D11-00A0C91BC942}") = "McmlGetero", "McmlGetero\McmlGetero.vcproj", "{37DB7546-644A-4AB4-B141-406AE1E50EE8}"
EndProject
Global
	GlobalSection(SolutionConfigurationPlatforms) = preSolution
		Debug|Win32 = Debug|Win32
		Debug|x64 = Debug|x64
		Release|Win32 = Release|Win32
		Release|x64 = Release|x64
	EndGlobalSection
	GlobalSection(ProjectConfigurationPlatforms) = postSolution
		{E55994C7-3657-402D-AF27-E8E57F159279}.Debug|Win32.ActiveCfg = Debug|Win32
		{E55994C7-3657-402D-AF27-E8E57F159279}.Debug|Win32.Build.0 = Debug|Win32
		{E55994C7-3657-402D-AF27-E8E57F159279}.Debug|x64.ActiveCfg = Debug|x64
		{E55994C7-3657-402D-AF27-E8E57F159279}.Debug|x64.Build.0 = Debug|x64
		{E55994C7-3657-402D-AF27-E8E57F159279}.Release|Win32.ActiveCfg = Release|Win32
		{E55994C7-3657-402D-AF27-E8E57F159279}.Release|Win32.Build.0 = Release|Win32
		{E55994C7-3657-402D-AF27-E8E57F159279}.Release|x64.ActiveCfg = Release|x64
		{E55994C7-3657-402D-AF27-E8E57F159279}.Release|x64.Build.0 = Release|x64
		{85F072E3-A23E-493D-9AD9-E358F5BE22BC}.Debug|Win32.ActiveCfg = Debug|Win32
		{85F072E3-A23E-493D-9AD9-E358F5BE22BC}.Debug|Win32.Build.0 = Debug|Win32
		{85F072E3-A23E-493D-9AD9-E358F5BE22BC}.Debug|x64.ActiveCfg = Debug|x64
		{85F072E3-A23E-493D-9AD9-E358F5BE22BC}.Debug|x64.Build.0 = Debug|x64
		{85F072E3-A23E-493D-9AD9-E358F5BE22BC}.Release|Win32.ActiveCfg = Release|Win32
		{85F072E3-A23E-493D-9AD9-E358F5BE22BC}.Release|Win32.Build.0 = Release|Win32
		{85F072E3-A23E-493D-9AD9-E358F5BE22BC}.Release|x64.ActiveCfg = Release|x64
		{85F072E3-A23E-493D-9AD9-E358F5BE22BC}.Release|x64.Build.0 = Release|x64
		{37DB7546-644A-4AB4-B141-406AE1E50EE8}.Debug|Win32.ActiveCfg = Debug|Win32
		{37DB7546-644A-4AB4-B141-406AE1E50EE8}.Debug|Win32.Build.0 = Debug|Win32
		{37DB7546-644A-4AB4-B141-406AE1E50EE8}.Debug|x64.ActiveCfg = Debug|x64
		{37DB7546-644A-4AB4-B141-406AE1E50EE8}.Debug|x64.Build.0 = Debug|x64
		{37DB7546-644A-4AB4-B141-406AE1E50EE8}.Release|Win32.ActiveCfg = Release|Win32
		{37DB7546-644A-4AB4-B141-406AE1E50EE8}.Release|Win32.Build.0 = Release|Win32
		{37DB7546-644A-4AB4-B141-406AE1E50EE8}.Release|x64.ActiveCfg = Release|x64
		{37DB7546-644A-4AB4-B141-406AE1E50EE8}.Release|x64.Build.0 = Release|x64
	EndGlobalSection
	GlobalSection(SolutionProperties) = preSolution
		HideSolutionNode = FALSE
	EndGlobalSection
EndGlobal
